
Microsoft Visual Studio Solution File, Format Version 12.00
# Visual Studio Version 17
VisualStudioVersion = 17.0.31903.59
MinimumVisualStudioVersion = 10.0.40219.1
Project("{2150E333-8FDC-42A3-9474-1A3956D46DE8}") = "Application", "Application", "{19F4577D-45EE-402F-A68F-0231C791E123}"
EndProject
Project("{2150E333-8FDC-42A3-9474-1A3956D46DE8}") = "Domain", "Domain", "{541B78EC-356A-4B46-B6FE-0F8FBB172406}"
EndProject
Project("{2150E333-8FDC-42A3-9474-1A3956D46DE8}") = "Services", "Services", "{3F0B0439-5B9B-441C-B991-037CAA82EECC}"
EndProject
Project("{2150E333-8FDC-42A3-9474-1A3956D46DE8}") = "Utilities", "Utilities", "{31725A63-3EB1-4BB5-AA2A-C6E30682C9D8}"
EndProject
Project("{2150E333-8FDC-42A3-9474-1A3956D46DE8}") = "Infrastructure", "Infrastructure", "{CE975876-B1D7-41CB-8EB3-1ECB35FAA722}"
EndProject
Project("{FAE04EC0-301F-11D3-BF4B-00C04F79EFBC}") = "CLINICAL.Application.UseCase", "src\CLINICAL.Application.UseCase\CLINICAL.Application.UseCase.csproj", "{4C37FEC5-C5D8-4ABF-AD4C-A82398BD181F}"
EndProject
Project("{FAE04EC0-301F-11D3-BF4B-00C04F79EFBC}") = "CLINICAL.Api", "src\CLINICAL.Api\CLINICAL.Api.csproj", "{6B590A23-93F9-47AB-8B6B-ED2AF4A922C4}"
EndProject
Project("{FAE04EC0-301F-11D3-BF4B-00C04F79EFBC}") = "CLINICAL.Utilities", "src\CLINICAL.Utilities\CLINICAL.Utilities.csproj", "{7190CB34-9FB2-49D5-B850-B8FBD9D2F8ED}"
EndProject
Project("{FAE04EC0-301F-11D3-BF4B-00C04F79EFBC}") = "CLINICAL.Application.Dtos", "src\CLINICAL.Application.Dtos\CLINICAL.Application.Dtos.csproj", "{92572E8B-4E8B-410F-8FC6-65145CD97936}"
EndProject
Project("{FAE04EC0-301F-11D3-BF4B-00C04F79EFBC}") = "CLINICAL.Application.Interfaces", "src\CLINICAL.Application.Interfaces\CLINICAL.Application.Interfaces.csproj", "{7D86D558-B589-4D5C-B80B-905E5F39265A}"
EndProject
Project("{FAE04EC0-301F-11D3-BF4B-00C04F79EFBC}") = "CLINICAL.Domain", "src\CLINICAL.Domain\CLINICAL.Domain.csproj", "{6619A32A-7D3B-474E-B34C-70FEE259E6D8}"
EndProject
Project("{FAE04EC0-301F-11D3-BF4B-00C04F79EFBC}") = "CLINICAL.Infrastructure", "src\CLINICAL.Infrastructure\CLINICAL.Infrastructure.csproj", "{3B50B56F-DF3B-4E20-8FC3-22C1596C69B9}"
EndProject
Project("{FAE04EC0-301F-11D3-BF4B-00C04F79EFBC}") = "CLINICAL.Persistence", "src\CLINICAL.Persistence\CLINICAL.Persistence.csproj", "{ADF69133-DCE5-40AE-9EFE-013D9F6160F9}"
EndProject
Global
	GlobalSection(SolutionConfigurationPlatforms) = preSolution
		Debug|Any CPU = Debug|Any CPU
		Release|Any CPU = Release|Any CPU
	EndGlobalSection
	GlobalSection(SolutionProperties) = preSolution
		HideSolutionNode = FALSE
	EndGlobalSection
	GlobalSection(NestedProjects) = preSolution
		{4C37FEC5-C5D8-4ABF-AD4C-A82398BD181F} = {19F4577D-45EE-402F-A68F-0231C791E123}
		{6B590A23-93F9-47AB-8B6B-ED2AF4A922C4} = {3F0B0439-5B9B-441C-B991-037CAA82EECC}
		{7190CB34-9FB2-49D5-B850-B8FBD9D2F8ED} = {31725A63-3EB1-4BB5-AA2A-C6E30682C9D8}
		{92572E8B-4E8B-410F-8FC6-65145CD97936} = {19F4577D-45EE-402F-A68F-0231C791E123}
		{7D86D558-B589-4D5C-B80B-905E5F39265A} = {19F4577D-45EE-402F-A68F-0231C791E123}
		{6619A32A-7D3B-474E-B34C-70FEE259E6D8} = {541B78EC-356A-4B46-B6FE-0F8FBB172406}
		{3B50B56F-DF3B-4E20-8FC3-22C1596C69B9} = {CE975876-B1D7-41CB-8EB3-1ECB35FAA722}
		{ADF69133-DCE5-40AE-9EFE-013D9F6160F9} = {CE975876-B1D7-41CB-8EB3-1ECB35FAA722}
	EndGlobalSection
	GlobalSection(ProjectConfigurationPlatforms) = postSolution
		{4C37FEC5-C5D8-4ABF-AD4C-A82398BD181F}.Debug|Any CPU.ActiveCfg = Debug|Any CPU
		{4C37FEC5-C5D8-4ABF-AD4C-A82398BD181F}.Debug|Any CPU.Build.0 = Debug|Any CPU
		{4C37FEC5-C5D8-4ABF-AD4C-A82398BD181F}.Release|Any CPU.ActiveCfg = Release|Any CPU
		{4C37FEC5-C5D8-4ABF-AD4C-A82398BD181F}.Release|Any CPU.Build.0 = Release|Any CPU
		{6B590A23-93F9-47AB-8B6B-ED2AF4A922C4}.Debug|Any CPU.ActiveCfg = Debug|Any CPU
		{6B590A23-93F9-47AB-8B6B-ED2AF4A922C4}.Debug|Any CPU.Build.0 = Debug|Any CPU
		{6B590A23-93F9-47AB-8B6B-ED2AF4A922C4}.Release|Any CPU.ActiveCfg = Release|Any CPU
		{6B590A23-93F9-47AB-8B6B-ED2AF4A922C4}.Release|Any CPU.Build.0 = Release|Any CPU
		{7190CB34-9FB2-49D5-B850-B8FBD9D2F8ED}.Debug|Any CPU.ActiveCfg = Debug|Any CPU
		{7190CB34-9FB2-49D5-B850-B8FBD9D2F8ED}.Debug|Any CPU.Build.0 = Debug|Any CPU
		{7190CB34-9FB2-49D5-B850-B8FBD9D2F8ED}.Release|Any CPU.ActiveCfg = Release|Any CPU
		{7190CB34-9FB2-49D5-B850-B8FBD9D2F8ED}.Release|Any CPU.Build.0 = Release|Any CPU
		{92572E8B-4E8B-410F-8FC6-65145CD97936}.Debug|Any CPU.ActiveCfg = Debug|Any CPU
		{92572E8B-4E8B-410F-8FC6-65145CD97936}.Debug|Any CPU.Build.0 = Debug|Any CPU
		{92572E8B-4E8B-410F-8FC6-65145CD97936}.Release|Any CPU.ActiveCfg = Release|Any CPU
		{92572E8B-4E8B-410F-8FC6-65145CD97936}.Release|Any CPU.Build.0 = Release|Any CPU
		{7D86D558-B589-4D5C-B80B-905E5F39265A}.Debug|Any CPU.ActiveCfg = Debug|Any CPU
		{7D86D558-B589-4D5C-B80B-905E5F39265A}.Debug|Any CPU.Build.0 = Debug|Any CPU
		{7D86D558-B589-4D5C-B80B-905E5F39265A}.Release|Any CPU.ActiveCfg = Release|Any CPU
		{7D86D558-B589-4D5C-B80B-905E5F39265A}.Release|Any CPU.Build.0 = Release|Any CPU
		{6619A32A-7D3B-474E-B34C-70FEE259E6D8}.Debug|Any CPU.ActiveCfg = Debug|Any CPU
		{6619A32A-7D3B-474E-B34C-70FEE259E6D8}.Debug|Any CPU.Build.0 = Debug|Any CPU
		{6619A32A-7D3B-474E-B34C-70FEE259E6D8}.Release|Any CPU.ActiveCfg = Release|Any CPU
		{6619A32A-7D3B-474E-B34C-70FEE259E6D8}.Release|Any CPU.Build.0 = Release|Any CPU
		{3B50B56F-DF3B-4E20-8FC3-22C1596C69B9}.Debug|Any CPU.ActiveCfg = Debug|Any CPU
		{3B50B56F-DF3B-4E20-8FC3-22C1596C69B9}.Debug|Any CPU.Build.0 = Debug|Any CPU
		{3B50B56F-DF3B-4E20-8FC3-22C1596C69B9}.Release|Any CPU.ActiveCfg = Release|Any CPU
		{3B50B56F-DF3B-4E20-8FC3-22C1596C69B9}.Release|Any CPU.Build.0 = Release|Any CPU
		{ADF69133-DCE5-40AE-9EFE-013D9F6160F9}.Debug|Any CPU.ActiveCfg = Debug|Any CPU
		{ADF69133-DCE5-40AE-9EFE-013D9F6160F9}.Debug|Any CPU.Build.0 = Debug|Any CPU
		{ADF69133-DCE5-40AE-9EFE-013D9F6160F9}.Release|Any CPU.ActiveCfg = Release|Any CPU
		{ADF69133-DCE5-40AE-9EFE-013D9F6160F9}.Release|Any CPU.Build.0 = Release|Any CPU
	EndGlobalSection
EndGlobal
